
Microsoft Visual Studio Solution File, Format Version 12.00
# Visual Studio Version 17
VisualStudioVersion = 17.14.36811.4 d17.14
MinimumVisualStudioVersion = 10.0.40219.1
Project("{FAE04EC0-301F-11D3-BF4B-00C04F79EFBC}") = "Licoreria.Api", "Licoreria.Api\Licoreria.Api.csproj", "{F114FB4F-1046-4E1E-9780-DB2FB8697510}"
EndProject
Global
	GlobalSection(SolutionConfigurationPlatforms) = preSolution
		Debug|Any CPU = Debug|Any CPU
		Release|Any CPU = Release|Any CPU
	EndGlobalSection
	GlobalSection(ProjectConfigurationPlatforms) = postSolution
		{F114FB4F-1046-4E1E-9780-DB2FB8697510}.Debug|Any CPU.ActiveCfg = Debug|Any CPU
		{F114FB4F-1046-4E1E-9780-DB2FB8697510}.Debug|Any CPU.Build.0 = Debug|Any CPU
		{F114FB4F-1046-4E1E-9780-DB2FB8697510}.Release|Any CPU.ActiveCfg = Release|Any CPU
		{F114FB4F-1046-4E1E-9780-DB2FB8697510}.Release|Any CPU.Build.0 = Release|Any CPU
	EndGlobalSection
	GlobalSection(SolutionProperties) = preSolution
		HideSolutionNode = FALSE
	EndGlobalSection
	GlobalSection(ExtensibilityGlobals) = postSolution
		SolutionGuid = {853BD2CF-9DEA-4C88-8267-79CB0BC70E1A}
	EndGlobalSection
EndGlobal
